
Microsoft Visual Studio Solution File, Format Version 12.00
# Visual Studio Version 17
VisualStudioVersion = 17.11.35312.102
MinimumVisualStudioVersion = 10.0.40219.1
Project("{FAE04EC0-301F-11D3-BF4B-00C04F79EFBC}") = "PracticeMVC", "PracticeMVC\PracticeMVC.csproj", "{F6A5F9F6-C9AC-4ECA-85E5-003BA01E1B58}"
EndProject
Global
	GlobalSection(SolutionConfigurationPlatforms) = preSolution
		Debug|Any CPU = Debug|Any CPU
		Release|Any CPU = Release|Any CPU
	EndGlobalSection
	GlobalSection(ProjectConfigurationPlatforms) = postSolution
		{F6A5F9F6-C9AC-4ECA-85E5-003BA01E1B58}.Debug|Any CPU.ActiveCfg = Debug|Any CPU
		{F6A5F9F6-C9AC-4ECA-85E5-003BA01E1B58}.Debug|Any CPU.Build.0 = Debug|Any CPU
		{F6A5F9F6-C9AC-4ECA-85E5-003BA01E1B58}.Release|Any CPU.ActiveCfg = Release|Any CPU
		{F6A5F9F6-C9AC-4ECA-85E5-003BA01E1B58}.Release|Any CPU.Build.0 = Release|Any CPU
	EndGlobalSection
	GlobalSection(SolutionProperties) = preSolution
		HideSolutionNode = FALSE
	EndGlobalSection
	GlobalSection(ExtensibilityGlobals) = postSolution
		SolutionGuid = {D560D11C-3595-4256-B2E7-A432A95AC97D}
	EndGlobalSection
EndGlobal
